
Microsoft Visual Studio Solution File, Format Version 12.00
# Visual Studio Version 17
VisualStudioVersion = 17.8.34330.188
MinimumVisualStudioVersion = 10.0.40219.1
Project("{FAE04EC0-301F-11D3-BF4B-00C04F79EFBC}") = "PhoneBookProj", "PhoneBookProj\PhoneBookProj.csproj", "{9655F9C9-EC86-4108-8BC4-11562851C256}"
EndProject
Global
	GlobalSection(SolutionConfigurationPlatforms) = preSolution
		Debug|Any CPU = Debug|Any CPU
		Release|Any CPU = Release|Any CPU
	EndGlobalSection
	GlobalSection(ProjectConfigurationPlatforms) = postSolution
		{9655F9C9-EC86-4108-8BC4-11562851C256}.Debug|Any CPU.ActiveCfg = Debug|Any CPU
		{9655F9C9-EC86-4108-8BC4-11562851C256}.Debug|Any CPU.Build.0 = Debug|Any CPU
		{9655F9C9-EC86-4108-8BC4-11562851C256}.Release|Any CPU.ActiveCfg = Release|Any CPU
		{9655F9C9-EC86-4108-8BC4-11562851C256}.Release|Any CPU.Build.0 = Release|Any CPU
	EndGlobalSection
	GlobalSection(SolutionProperties) = preSolution
		HideSolutionNode = FALSE
	EndGlobalSection
	GlobalSection(ExtensibilityGlobals) = postSolution
		SolutionGuid = {A3A5BDEA-9FC2-4888-A4BC-B67CF26F9CC1}
	EndGlobalSection
EndGlobal
